<?xml version="1.0" encoding="utf-8"?>
<Project ToolsVersion="4.0" xmlns="http://schemas.microsoft.com/developer/msbuild/2003">
  <ItemGroup>
    <Filter Include="Source Files">
      <UniqueIdentifier>{4FC737F1-C7A5-4376-A066-2A32D752A2FF}</UniqueIdentifier>
      <Extensions>cpp;c;cc;cxx;def;odl;idl;hpj;bat;asm;asmx</Extensions>
    </Filter>
    <Filter Include="Header Files">
      <UniqueIdentifier>{93995380-89BD-4b04-88EB-625FBE52EBFB}</UniqueIdentifier>
      <Extensions>h;hh;hpp;hxx;hm;inl;inc;xsd</Extensions>
    </Filter>
    <Filter Include="Resource Files">
      <UniqueIdentifier>{67DA6AB6-F800-4c08-8B7A-83BB121AAD01}</UniqueIdentifier>
      <Extensions>rc;ico;cur;bmp;dlg;rc2;rct;bin;rgs;gif;jpg;jpeg;jpe;resx;tiff;tif;png;wav;mfcribbon-ms</Extensions>
    </Filter>
    <Filter Include="Header Files\Allocator">
      <UniqueIdentifier>{c8fbf46a-6e0a-440c-ba60-29a4cda7fd56}</UniqueIdentifier>
    </Filter>
    <Filter Include="Header Files\Collector">
      <UniqueIdentifier>{0f7e0bcb-d3fc-4c40-af7b-d359d3af605d}</UniqueIdentifier>
    </Filter>
    <Filter Include="Source Files\Allocator">
      <UniqueIdentifier>{31e3c0d5-0ead-49ad-960f-923828576384}</UniqueIdentifier>
    </Filter>
    <Filter Include="Source Files\Collector">
      <UniqueIdentifier>{23f4376d-db99-49e9-a2c1-b4b8dd362110}</UniqueIdentifier>
    </Filter>
    <Filter Include="Header Files\Shared">
      <UniqueIdentifier>{7059820b-9acd-46d0-9fa0-eea247c904fa}</UniqueIdentifier>
    </Filter>
    <Filter Include="Source Files\Shared">
      <UniqueIdentifier>{7eea199a-0749-4c48-aa29-e9bb932ddf18}</UniqueIdentifier>
    </Filter>
  </ItemGroup>
  <ItemGroup>
    <ClCompile Include="Test.cpp">
      <Filter>Source Files</Filter>
    </ClCompile>
    <ClCompile Include="allocator.cpp">
      <Filter>Source Files\Allocator</Filter>
    </ClCompile>
    <ClCompile Include="collector.cpp">
      <Filter>Source Files\Collector</Filter>
    </ClCompile>
    <ClCompile Include="list.cpp">
      <Filter>Resource Files</Filter>
    </ClCompile>
    <ClCompile Include="shared.cpp">
      <Filter>Source Files\Shared</Filter>
    </ClCompile>
  </ItemGroup>
  <ItemGroup>
    <ClInclude Include="allocator.h">
      <Filter>Header Files\Allocator</Filter>
    </ClInclude>
    <ClInclude Include="collector.h">
      <Filter>Header Files\Collector</Filter>
    </ClInclude>
    <ClInclude Include="list.h">
      <Filter>Resource Files</Filter>
    </ClInclude>
    <ClInclude Include="structs.h">
      <Filter>Resource Files</Filter>
    </ClInclude>
    <ClInclude Include="shared.h">
      <Filter>Header Files\Shared</Filter>
    </ClInclude>
  </ItemGroup>
</Project>